
Microsoft Visual Studio Solution File, Format Version 12.00
# Visual Studio 2012
Project("{FAE04EC0-301F-11D3-BF4B-00C04F79EFBC}") = "SampleUITesting", "SampleUITesting\SampleUITesting.csproj", "{E6BF7AF2-FE4A-40DB-8DA0-EA3782F09864}"
EndProject
Project("{FAE04EC0-301F-11D3-BF4B-00C04F79EFBC}") = "SampleUITesting.iOS", "iOS\SampleUITesting.iOS.csproj", "{78E41D75-7F2F-4459-80F6-FF108A2B9E41}"
EndProject
Project("{FAE04EC0-301F-11D3-BF4B-00C04F79EFBC}") = "SampleUITesting.Droid", "Droid\SampleUITesting.Droid.csproj", "{32667DD1-2112-40CB-9164-CF05379D8F9B}"
EndProject
Project("{FAE04EC0-301F-11D3-BF4B-00C04F79EFBC}") = "SampleUITesting.UITests", "UITests\SampleUITesting.UITests.csproj", "{C92D1E25-E9F1-470A-8855-BDB6EA6B7D7B}"
EndProject
Global
	GlobalSection(SolutionConfigurationPlatforms) = preSolution
		Debug|Any CPU = Debug|Any CPU
		Release|Any CPU = Release|Any CPU
		Debug|iPhoneSimulator = Debug|iPhoneSimulator
		Release|iPhone = Release|iPhone
		Release|iPhoneSimulator = Release|iPhoneSimulator
		Debug|iPhone = Debug|iPhone
	EndGlobalSection
	GlobalSection(ProjectConfigurationPlatforms) = postSolution
		{E6BF7AF2-FE4A-40DB-8DA0-EA3782F09864}.Debug|Any CPU.ActiveCfg = Debug|Any CPU
		{E6BF7AF2-FE4A-40DB-8DA0-EA3782F09864}.Debug|Any CPU.Build.0 = Debug|Any CPU
		{E6BF7AF2-FE4A-40DB-8DA0-EA3782F09864}.Release|Any CPU.ActiveCfg = Release|Any CPU
		{E6BF7AF2-FE4A-40DB-8DA0-EA3782F09864}.Release|Any CPU.Build.0 = Release|Any CPU
		{E6BF7AF2-FE4A-40DB-8DA0-EA3782F09864}.Debug|iPhoneSimulator.ActiveCfg = Debug|Any CPU
		{E6BF7AF2-FE4A-40DB-8DA0-EA3782F09864}.Debug|iPhoneSimulator.Build.0 = Debug|Any CPU
		{E6BF7AF2-FE4A-40DB-8DA0-EA3782F09864}.Release|iPhone.ActiveCfg = Release|Any CPU
		{E6BF7AF2-FE4A-40DB-8DA0-EA3782F09864}.Release|iPhone.Build.0 = Release|Any CPU
		{E6BF7AF2-FE4A-40DB-8DA0-EA3782F09864}.Release|iPhoneSimulator.ActiveCfg = Release|Any CPU
		{E6BF7AF2-FE4A-40DB-8DA0-EA3782F09864}.Release|iPhoneSimulator.Build.0 = Release|Any CPU
		{E6BF7AF2-FE4A-40DB-8DA0-EA3782F09864}.Debug|iPhone.ActiveCfg = Debug|Any CPU
		{E6BF7AF2-FE4A-40DB-8DA0-EA3782F09864}.Debug|iPhone.Build.0 = Debug|Any CPU
		{78E41D75-7F2F-4459-80F6-FF108A2B9E41}.Debug|Any CPU.ActiveCfg = Debug|iPhoneSimulator
		{78E41D75-7F2F-4459-80F6-FF108A2B9E41}.Debug|Any CPU.Build.0 = Debug|iPhoneSimulator
		{78E41D75-7F2F-4459-80F6-FF108A2B9E41}.Release|Any CPU.ActiveCfg = Release|iPhone
		{78E41D75-7F2F-4459-80F6-FF108A2B9E41}.Release|Any CPU.Build.0 = Release|iPhone
		{78E41D75-7F2F-4459-80F6-FF108A2B9E41}.Debug|iPhoneSimulator.ActiveCfg = Debug|iPhoneSimulator
		{78E41D75-7F2F-4459-80F6-FF108A2B9E41}.Debug|iPhoneSimulator.Build.0 = Debug|iPhoneSimulator
		{78E41D75-7F2F-4459-80F6-FF108A2B9E41}.Release|iPhone.ActiveCfg = Release|iPhone
		{78E41D75-7F2F-4459-80F6-FF108A2B9E41}.Release|iPhone.Build.0 = Release|iPhone
		{78E41D75-7F2F-4459-80F6-FF108A2B9E41}.Release|iPhoneSimulator.ActiveCfg = Release|iPhoneSimulator
		{78E41D75-7F2F-4459-80F6-FF108A2B9E41}.Release|iPhoneSimulator.Build.0 = Release|iPhoneSimulator
		{78E41D75-7F2F-4459-80F6-FF108A2B9E41}.Debug|iPhone.ActiveCfg = Debug|iPhone
		{78E41D75-7F2F-4459-80F6-FF108A2B9E41}.Debug|iPhone.Build.0 = Debug|iPhone
		{32667DD1-2112-40CB-9164-CF05379D8F9B}.Debug|Any CPU.ActiveCfg = Debug|Any CPU
		{32667DD1-2112-40CB-9164-CF05379D8F9B}.Debug|Any CPU.Build.0 = Debug|Any CPU
		{32667DD1-2112-40CB-9164-CF05379D8F9B}.Release|Any CPU.ActiveCfg = Release|Any CPU
		{32667DD1-2112-40CB-9164-CF05379D8F9B}.Release|Any CPU.Build.0 = Release|Any CPU
		{32667DD1-2112-40CB-9164-CF05379D8F9B}.Debug|iPhoneSimulator.ActiveCfg = Debug|Any CPU
		{32667DD1-2112-40CB-9164-CF05379D8F9B}.Debug|iPhoneSimulator.Build.0 = Debug|Any CPU
		{32667DD1-2112-40CB-9164-CF05379D8F9B}.Release|iPhone.ActiveCfg = Release|Any CPU
		{32667DD1-2112-40CB-9164-CF05379D8F9B}.Release|iPhone.Build.0 = Release|Any CPU
		{32667DD1-2112-40CB-9164-CF05379D8F9B}.Release|iPhoneSimulator.ActiveCfg = Release|Any CPU
		{32667DD1-2112-40CB-9164-CF05379D8F9B}.Release|iPhoneSimulator.Build.0 = Release|Any CPU
		{32667DD1-2112-40CB-9164-CF05379D8F9B}.Debug|iPhone.ActiveCfg = Debug|Any CPU
		{32667DD1-2112-40CB-9164-CF05379D8F9B}.Debug|iPhone.Build.0 = Debug|Any CPU
		{C92D1E25-E9F1-470A-8855-BDB6EA6B7D7B}.Debug|Any CPU.ActiveCfg = Debug|Any CPU
		{C92D1E25-E9F1-470A-8855-BDB6EA6B7D7B}.Debug|Any CPU.Build.0 = Debug|Any CPU
		{C92D1E25-E9F1-470A-8855-BDB6EA6B7D7B}.Release|Any CPU.ActiveCfg = Release|Any CPU
		{C92D1E25-E9F1-470A-8855-BDB6EA6B7D7B}.Release|Any CPU.Build.0 = Release|Any CPU
		{C92D1E25-E9F1-470A-8855-BDB6EA6B7D7B}.Debug|iPhoneSimulator.ActiveCfg = Debug|Any CPU
		{C92D1E25-E9F1-470A-8855-BDB6EA6B7D7B}.Debug|iPhoneSimulator.Build.0 = Debug|Any CPU
		{C92D1E25-E9F1-470A-8855-BDB6EA6B7D7B}.Release|iPhone.ActiveCfg = Release|Any CPU
		{C92D1E25-E9F1-470A-8855-BDB6EA6B7D7B}.Release|iPhone.Build.0 = Release|Any CPU
		{C92D1E25-E9F1-470A-8855-BDB6EA6B7D7B}.Release|iPhoneSimulator.ActiveCfg = Release|Any CPU
		{C92D1E25-E9F1-470A-8855-BDB6EA6B7D7B}.Release|iPhoneSimulator.Build.0 = Release|Any CPU
		{C92D1E25-E9F1-470A-8855-BDB6EA6B7D7B}.Debug|iPhone.ActiveCfg = Debug|Any CPU
		{C92D1E25-E9F1-470A-8855-BDB6EA6B7D7B}.Debug|iPhone.Build.0 = Debug|Any CPU
	EndGlobalSection
EndGlobal
